PODS:
  - Alamofire (4.5.0)
  - Kingfisher (3.10.3)
  - Reusable (4.0.0):
    - Reusable/Storyboard (= 4.0.0)
    - Reusable/View (= 4.0.0)
  - Reusable/Storyboard (4.0.0)
  - Reusable/View (4.0.0)
  - SwiftGen (3.0.1)

DEPENDENCIES:
  - Alamofire (~> 4.5.0)
  - Kingfisher (~> 3.10.3)
  - Reusable (~> 4.0.0)
  - SwiftGen (~> 3.0.1)

SPEC CHECKSUMS:
  Alamofire: f28cdffd29de33a7bfa022cbd63ae95a27fae140
  Kingfisher: a0ac82dc5bcf0388dd74b294cf2cc13730c63436
  Reusable: 98e5fff1e0e2e00872199699b276dde08ee56c07
  SwiftGen: 5f69367fae99c11d52d1ab9d45dcf10a3e59b8ef

PODFILE CHECKSUM: 1d4fed023d54fa4116c3865622f8effd212bbb4c

COCOAPODS: 1.2.1
