// !$*UTF8*$!
{
	archiveVersion = 1;
	classes = {
	};
	objectVersion = 46;
	objects = {

/* Begin PBXBuildFile section */
		0873BD6E9CB770C92E70D2EF /* Pods_LPCTest.framework in Frameworks */ = {isa = PBXBuildFile; fileRef = 4EAD937B5A11985C869B5955 /* Pods_LPCTest.framework */; };
		20CAE9C51F3B2EB3006CB70F /* Storyboards.swift in Sources */ = {isa = PBXBuildFile; fileRef = 20CAE9C41F3B2EB3006CB70F /* Storyboards.swift */; };
		20CAE9C61F3B2F29006CB70F /* Localizable.strings in Resources */ = {isa = PBXBuildFile; fileRef = 20CAE9C81F3B2F29006CB70F /* Localizable.strings */; };
		20CAE9CD1F3B3000006CB70F /* Strings.swift in Sources */ = {isa = PBXBuildFile; fileRef = 20CAE9CC1F3B3000006CB70F /* Strings.swift */; };
		20CAE9D11F3B30F1006CB70F /* Colors.swift in Sources */ = {isa = PBXBuildFile; fileRef = 20CAE9D01F3B30F1006CB70F /* Colors.swift */; };
		20CAE9D41F3B3123006CB70F /* colors.txt in Resources */ = {isa = PBXBuildFile; fileRef = 20CAE9D31F3B3123006CB70F /* colors.txt */; };
		20CAE9D61F3B37DB006CB70F /* HomeViewController.swift in Sources */ = {isa = PBXBuildFile; fileRef = 20CAE9D51F3B37DB006CB70F /* HomeViewController.swift */; };
		20CAE9D91F3B41D3006CB70F /* PotCell.swift in Sources */ = {isa = PBXBuildFile; fileRef = 20CAE9D71F3B41D3006CB70F /* PotCell.swift */; };
		20CAE9DA1F3B41D3006CB70F /* PotCell.xib in Resources */ = {isa = PBXBuildFile; fileRef = 20CAE9D81F3B41D3006CB70F /* PotCell.xib */; };
		B0AB62631F38688A00CBFBF6 /* AppDelegate.swift in Sources */ = {isa = PBXBuildFile; fileRef = B0AB62621F38688A00CBFBF6 /* AppDelegate.swift */; };
		B0AB62651F38688A00CBFBF6 /* ViewController.swift in Sources */ = {isa = PBXBuildFile; fileRef = B0AB62641F38688A00CBFBF6 /* ViewController.swift */; };
		B0AB62681F38688A00CBFBF6 /* Main.storyboard in Resources */ = {isa = PBXBuildFile; fileRef = B0AB62661F38688A00CBFBF6 /* Main.storyboard */; };
		B0AB626A1F38688A00CBFBF6 /* Assets.xcassets in Resources */ = {isa = PBXBuildFile; fileRef = B0AB62691F38688A00CBFBF6 /* Assets.xcassets */; };
		B0AB626D1F38688A00CBFBF6 /* LaunchScreen.storyboard in Resources */ = {isa = PBXBuildFile; fileRef = B0AB626B1F38688A00CBFBF6 /* LaunchScreen.storyboard */; };
		B0AB62791F386DB200CBFBF6 /* Pot.swift in Sources */ = {isa = PBXBuildFile; fileRef = B0AB62781F386DB200CBFBF6 /* Pot.swift */; };
		B0AB62811F389B5600CBFBF6 /* ImageLoader.swift in Sources */ = {isa = PBXBuildFile; fileRef = B0AB62801F389B5600CBFBF6 /* ImageLoader.swift */; };
		B0AB62831F38B02200CBFBF6 /* ApiClient.swift in Sources */ = {isa = PBXBuildFile; fileRef = B0AB62821F38B02200CBFBF6 /* ApiClient.swift */; };
/* End PBXBuildFile section */

/* Begin PBXFileReference section */
		20CAE9C41F3B2EB3006CB70F /* Storyboards.swift */ = {isa = PBXFileReference; fileEncoding = 4; lastKnownFileType = sourcecode.swift; path = Storyboards.swift; sourceTree = "<group>"; };
		20CAE9CA1F3B2F5B006CB70F /* fr */ = {isa = PBXFileReference; lastKnownFileType = text.plist.strings; name = fr; path = fr.lproj/Localizable.strings; sourceTree = "<group>"; };
		20CAE9CB1F3B2F9D006CB70F /* en */ = {isa = PBXFileReference; lastKnownFileType = text.plist.strings; name = en; path = en.lproj/Localizable.strings; sourceTree = "<group>"; };
		20CAE9CC1F3B3000006CB70F /* Strings.swift */ = {isa = PBXFileReference; fileEncoding = 4; lastKnownFileType = sourcecode.swift; path = Strings.swift; sourceTree = "<group>"; };
		20CAE9D01F3B30F1006CB70F /* Colors.swift */ = {isa = PBXFileReference; fileEncoding = 4; lastKnownFileType = sourcecode.swift; path = Colors.swift; sourceTree = "<group>"; };
		20CAE9D31F3B3123006CB70F /* colors.txt */ = {isa = PBXFileReference; fileEncoding = 4; lastKnownFileType = text; path = colors.txt; sourceTree = "<group>"; };
		20CAE9D51F3B37DB006CB70F /* HomeViewController.swift */ = {isa = PBXFileReference; fileEncoding = 4; lastKnownFileType = sourcecode.swift; path = HomeViewController.swift; sourceTree = "<group>"; };
		20CAE9D71F3B41D3006CB70F /* PotCell.swift */ = {isa = PBXFileReference; fileEncoding = 4; lastKnownFileType = sourcecode.swift; path = PotCell.swift; sourceTree = "<group>"; };
		20CAE9D81F3B41D3006CB70F /* PotCell.xib */ = {isa = PBXFileReference; fileEncoding = 4; lastKnownFileType = file.xib; path = PotCell.xib; sourceTree = "<group>"; };
		4EAD937B5A11985C869B5955 /* Pods_LPCTest.framework */ = {isa = PBXFileReference; explicitFileType = wrapper.framework; includeInIndex = 0; path = Pods_LPCTest.framework; sourceTree = BUILT_PRODUCTS_DIR; };
		8DFE0DEFA8056DF7FD2E2D53 /* Pods-LPCTest.debug.xcconfig */ = {isa = PBXFileReference; includeInIndex = 1; lastKnownFileType = text.xcconfig; name = "Pods-LPCTest.debug.xcconfig"; path = "Pods/Target Support Files/Pods-LPCTest/Pods-LPCTest.debug.xcconfig"; sourceTree = "<group>"; };
		B0AB625F1F38688A00CBFBF6 /* LPCTest.app */ = {isa = PBXFileReference; explicitFileType = wrapper.application; includeInIndex = 0; path = LPCTest.app; sourceTree = BUILT_PRODUCTS_DIR; };
		B0AB62621F38688A00CBFBF6 /* AppDelegate.swift */ = {isa = PBXFileReference; lastKnownFileType = sourcecode.swift; path = AppDelegate.swift; sourceTree = "<group>"; };
		B0AB62641F38688A00CBFBF6 /* ViewController.swift */ = {isa = PBXFileReference; lastKnownFileType = sourcecode.swift; path = ViewController.swift; sourceTree = "<group>"; };
		B0AB62671F38688A00CBFBF6 /* Base */ = {isa = PBXFileReference; lastKnownFileType = file.storyboard; name = Base; path = Base.lproj/Main.storyboard; sourceTree = "<group>"; };
		B0AB62691F38688A00CBFBF6 /* Assets.xcassets */ = {isa = PBXFileReference; lastKnownFileType = folder.assetcatalog; path = Assets.xcassets; sourceTree = "<group>"; };
		B0AB626C1F38688A00CBFBF6 /* Base */ = {isa = PBXFileReference; lastKnownFileType = file.storyboard; name = Base; path = Base.lproj/LaunchScreen.storyboard; sourceTree = "<group>"; };
		B0AB626E1F38688A00CBFBF6 /* Info.plist */ = {isa = PBXFileReference; lastKnownFileType = text.plist.xml; path = Info.plist; sourceTree = "<group>"; };
		B0AB62781F386DB200CBFBF6 /* Pot.swift */ = {isa = PBXFileReference; fileEncoding = 4; lastKnownFileType = sourcecode.swift; path = Pot.swift; sourceTree = "<group>"; };
		B0AB62801F389B5600CBFBF6 /* ImageLoader.swift */ = {isa = PBXFileReference; fileEncoding = 4; lastKnownFileType = sourcecode.swift; path = ImageLoader.swift; sourceTree = "<group>"; };
		B0AB62821F38B02200CBFBF6 /* ApiClient.swift */ = {isa = PBXFileReference; fileEncoding = 4; lastKnownFileType = sourcecode.swift; path = ApiClient.swift; sourceTree = "<group>"; };
		FCEC8AB57FF998C70C126F34 /* Pods-LPCTest.release.xcconfig */ = {isa = PBXFileReference; includeInIndex = 1; lastKnownFileType = text.xcconfig; name = "Pods-LPCTest.release.xcconfig"; path = "Pods/Target Support Files/Pods-LPCTest/Pods-LPCTest.release.xcconfig"; sourceTree = "<group>"; };
/* End PBXFileReference section */

/* Begin PBXFrameworksBuildPhase section */
		B0AB625C1F38688A00CBFBF6 /* Frameworks */ = {
			isa = PBXFrameworksBuildPhase;
			buildActionMask = 2147483647;
			files = (
				0873BD6E9CB770C92E70D2EF /* Pods_LPCTest.framework in Frameworks */,
			);
			runOnlyForDeploymentPostprocessing = 0;
		};
/* End PBXFrameworksBuildPhase section */

/* Begin PBXGroup section */
		0D3F631083E88169820C2C54 /* Frameworks */ = {
			isa = PBXGroup;
			children = (
				4EAD937B5A11985C869B5955 /* Pods_LPCTest.framework */,
			);
			name = Frameworks;
			sourceTree = "<group>";
		};
		20CAE9B61F3B221E006CB70F /* Code */ = {
			isa = PBXGroup;
			children = (
				20CAE9BF1F3B235F006CB70F /* Views */,
				20CAE9BE1F3B2347006CB70F /* Models */,
				20CAE9BD1F3B232E006CB70F /* Extensions */,
				20CAE9BC1F3B2306006CB70F /* Networking */,
				20CAE9BB1F3B22DF006CB70F /* CustomCells */,
				20CAE9BA1F3B22C0006CB70F /* ViewControllers */,
				20CAE9B91F3B2285006CB70F /* Constants */,
			);
			path = Code;
			sourceTree = "<group>";
		};
		20CAE9B71F3B2233006CB70F /* Resources */ = {
			isa = PBXGroup;
			children = (
				20CAE9D21F3B30FF006CB70F /* Colors */,
				20CAE9B81F3B2263006CB70F /* Localization */,
			);
			path = Resources;
			sourceTree = "<group>";
		};
		20CAE9B81F3B2263006CB70F /* Localization */ = {
			isa = PBXGroup;
			children = (
				20CAE9C81F3B2F29006CB70F /* Localizable.strings */,
			);
			path = Localization;
			sourceTree = "<group>";
		};
		20CAE9B91F3B2285006CB70F /* Constants */ = {
			isa = PBXGroup;
			children = (
				20CAE9C31F3B2E8E006CB70F /* SwiftGen */,
			);
			path = Constants;
			sourceTree = "<group>";
		};
		20CAE9BA1F3B22C0006CB70F /* ViewControllers */ = {
			isa = PBXGroup;
			children = (
				B0AB62641F38688A00CBFBF6 /* ViewController.swift */,
				20CAE9D51F3B37DB006CB70F /* HomeViewController.swift */,
			);
			path = ViewControllers;
			sourceTree = "<group>";
		};
		20CAE9BB1F3B22DF006CB70F /* CustomCells */ = {
			isa = PBXGroup;
			children = (
				20CAE9D71F3B41D3006CB70F /* PotCell.swift */,
				20CAE9D81F3B41D3006CB70F /* PotCell.xib */,
			);
			path = CustomCells;
			sourceTree = "<group>";
		};
		20CAE9BC1F3B2306006CB70F /* Networking */ = {
			isa = PBXGroup;
			children = (
				B0AB62801F389B5600CBFBF6 /* ImageLoader.swift */,
				B0AB62821F38B02200CBFBF6 /* ApiClient.swift */,
			);
			path = Networking;
			sourceTree = "<group>";
		};
		20CAE9BD1F3B232E006CB70F /* Extensions */ = {
			isa = PBXGroup;
			children = (
			);
			path = Extensions;
			sourceTree = "<group>";
		};
		20CAE9BE1F3B2347006CB70F /* Models */ = {
			isa = PBXGroup;
			children = (
				B0AB62781F386DB200CBFBF6 /* Pot.swift */,
			);
			path = Models;
			sourceTree = "<group>";
		};
		20CAE9BF1F3B235F006CB70F /* Views */ = {
			isa = PBXGroup;
			children = (
			);
			path = Views;
			sourceTree = "<group>";
		};
		20CAE9C31F3B2E8E006CB70F /* SwiftGen */ = {
			isa = PBXGroup;
			children = (
				20CAE9C41F3B2EB3006CB70F /* Storyboards.swift */,
				20CAE9CC1F3B3000006CB70F /* Strings.swift */,
				20CAE9D01F3B30F1006CB70F /* Colors.swift */,
			);
			path = SwiftGen;
			sourceTree = "<group>";
		};
		20CAE9D21F3B30FF006CB70F /* Colors */ = {
			isa = PBXGroup;
			children = (
				20CAE9D31F3B3123006CB70F /* colors.txt */,
			);
			path = Colors;
			sourceTree = "<group>";
		};
		A055711EDBC74A37049302D8 /* Pods */ = {
			isa = PBXGroup;
			children = (
				8DFE0DEFA8056DF7FD2E2D53 /* Pods-LPCTest.debug.xcconfig */,
				FCEC8AB57FF998C70C126F34 /* Pods-LPCTest.release.xcconfig */,
			);
			name = Pods;
			sourceTree = "<group>";
		};
		B0AB62561F38688A00CBFBF6 = {
			isa = PBXGroup;
			children = (
				B0AB62611F38688A00CBFBF6 /* LPCTest */,
				B0AB62601F38688A00CBFBF6 /* Products */,
				A055711EDBC74A37049302D8 /* Pods */,
				0D3F631083E88169820C2C54 /* Frameworks */,
			);
			sourceTree = "<group>";
		};
		B0AB62601F38688A00CBFBF6 /* Products */ = {
			isa = PBXGroup;
			children = (
				B0AB625F1F38688A00CBFBF6 /* LPCTest.app */,
			);
			name = Products;
			sourceTree = "<group>";
		};
		B0AB62611F38688A00CBFBF6 /* LPCTest */ = {
			isa = PBXGroup;
			children = (
				20CAE9B71F3B2233006CB70F /* Resources */,
				20CAE9B61F3B221E006CB70F /* Code */,
				B0AB62621F38688A00CBFBF6 /* AppDelegate.swift */,
				B0AB62661F38688A00CBFBF6 /* Main.storyboard */,
				B0AB62691F38688A00CBFBF6 /* Assets.xcassets */,
				B0AB626B1F38688A00CBFBF6 /* LaunchScreen.storyboard */,
				B0AB626E1F38688A00CBFBF6 /* Info.plist */,
			);
			path = LPCTest;
			sourceTree = "<group>";
		};
/* End PBXGroup section */

/* Begin PBXNativeTarget section */
		B0AB625E1F38688A00CBFBF6 /* LPCTest */ = {
			isa = PBXNativeTarget;
			buildConfigurationList = B0AB62711F38688A00CBFBF6 /* Build configuration list for PBXNativeTarget "LPCTest" */;
			buildPhases = (
				B17B08A335E1B22FBA864244 /* [CP] Check Pods Manifest.lock */,
				20CAE9C21F3B2E29006CB70F /* ShellScript */,
				B0AB625B1F38688A00CBFBF6 /* Sources */,
				B0AB625C1F38688A00CBFBF6 /* Frameworks */,
				B0AB625D1F38688A00CBFBF6 /* Resources */,
				EA37C905CA8275E9F1585926 /* [CP] Embed Pods Frameworks */,
				989D9813B0C95743075C1CFC /* [CP] Copy Pods Resources */,
			);
			buildRules = (
			);
			dependencies = (
			);
			name = LPCTest;
			productName = LPCTest;
			productReference = B0AB625F1F38688A00CBFBF6 /* LPCTest.app */;
			productType = "com.apple.product-type.application";
		};
/* End PBXNativeTarget section */

/* Begin PBXProject section */
		B0AB62571F38688A00CBFBF6 /* Project object */ = {
			isa = PBXProject;
			attributes = {
				LastSwiftUpdateCheck = 0830;
				LastUpgradeCheck = 0830;
				ORGANIZATIONNAME = "Saif Chaouachi";
				TargetAttributes = {
					B0AB625E1F38688A00CBFBF6 = {
						CreatedOnToolsVersion = 8.3.3;
						ProvisioningStyle = Automatic;
					};
				};
			};
			buildConfigurationList = B0AB625A1F38688A00CBFBF6 /* Build configuration list for PBXProject "LPCTest" */;
			compatibilityVersion = "Xcode 3.2";
			developmentRegion = English;
			hasScannedForEncodings = 0;
			knownRegions = (
				Base,
				fr,
				en,
			);
			mainGroup = B0AB62561F38688A00CBFBF6;
			productRefGroup = B0AB62601F38688A00CBFBF6 /* Products */;
			projectDirPath = "";
			projectRoot = "";
			targets = (
				B0AB625E1F38688A00CBFBF6 /* LPCTest */,
			);
		};
/* End PBXProject section */

/* Begin PBXResourcesBuildPhase section */
		B0AB625D1F38688A00CBFBF6 /* Resources */ = {
			isa = PBXResourcesBuildPhase;
			buildActionMask = 2147483647;
			files = (
				20CAE9D41F3B3123006CB70F /* colors.txt in Resources */,
				B0AB626D1F38688A00CBFBF6 /* LaunchScreen.storyboard in Resources */,
				20CAE9C61F3B2F29006CB70F /* Localizable.strings in Resources */,
				B0AB626A1F38688A00CBFBF6 /* Assets.xcassets in Resources */,
				B0AB62681F38688A00CBFBF6 /* Main.storyboard in Resources */,
				20CAE9DA1F3B41D3006CB70F /* PotCell.xib in Resources */,
			);
			runOnlyForDeploymentPostprocessing = 0;
		};
/* End PBXResourcesBuildPhase section */

/* Begin PBXShellScriptBuildPhase section */
		20CAE9C21F3B2E29006CB70F /* ShellScript */ = {
			isa = PBXShellScriptBuildPhase;
			buildActionMask = 2147483647;
			files = (
			);
			inputPaths = (
			);
			outputPaths = (
			);
			runOnlyForDeploymentPostprocessing = 0;
			shellPath = /bin/sh;
			shellScript = "#!/bin/bash\n\nif which $PODS_ROOT/SwiftGen/bin/swiftgen >/dev/null; then\nSRCDIR=\"$PROJECT_DIR/$TARGET_NAME\"\n$PODS_ROOT/SwiftGen/bin/swiftgen storyboards \"$SRCDIR\" --output \"$SRCDIR/Code/Constants/SwiftGen/Storyboards.swift\" -t swift3\n$PODS_ROOT/SwiftGen/bin/swiftgen strings \"$SRCDIR/Resources/Localization/en.lproj/Localizable.strings\" --output \"$SRCDIR/Code/Constants/SwiftGen/Strings.swift\" -t swift3\n$PODS_ROOT/SwiftGen/bin/swiftgen colors \"$SRCDIR/Resources/Colors/colors.txt\" --output \"$SRCDIR/Code/Constants/SwiftGen/Colors.swift\" -t swift3\nelse\necho \"warning: SwiftGen not installed, download it from https://github.com/AliSoftware/SwiftGen\"\nfi\n";
		};
		989D9813B0C95743075C1CFC /* [CP] Copy Pods Resources */ = {
			isa = PBXShellScriptBuildPhase;
			buildActionMask = 2147483647;
			files = (
			);
			inputPaths = (
			);
			name = "[CP] Copy Pods Resources";
			outputPaths = (
			);
			runOnlyForDeploymentPostprocessing = 0;
			shellPath = /bin/sh;
			shellScript = "\"${SRCROOT}/Pods/Target Support Files/Pods-LPCTest/Pods-LPCTest-resources.sh\"\n";
			showEnvVarsInLog = 0;
		};
		B17B08A335E1B22FBA864244 /* [CP] Check Pods Manifest.lock */ = {
			isa = PBXShellScriptBuildPhase;
			buildActionMask = 2147483647;
			files = (
			);
			inputPaths = (
			);
			name = "[CP] Check Pods Manifest.lock";
			outputPaths = (
			);
			runOnlyForDeploymentPostprocessing = 0;
			shellPath = /bin/sh;
			shellScript = "diff \"${PODS_PODFILE_DIR_PATH}/Podfile.lock\" \"${PODS_ROOT}/Manifest.lock\" > /dev/null\nif [ $? != 0 ] ; then\n    # print error to STDERR\n    echo \"error: The sandbox is not in sync with the Podfile.lock. Run 'pod install' or update your CocoaPods installation.\" >&2\n    exit 1\nfi\n";
			showEnvVarsInLog = 0;
		};
		EA37C905CA8275E9F1585926 /* [CP] Embed Pods Frameworks */ = {
			isa = PBXShellScriptBuildPhase;
			buildActionMask = 2147483647;
			files = (
			);
			inputPaths = (
			);
			name = "[CP] Embed Pods Frameworks";
			outputPaths = (
			);
			runOnlyForDeploymentPostprocessing = 0;
			shellPath = /bin/sh;
			shellScript = "\"${SRCROOT}/Pods/Target Support Files/Pods-LPCTest/Pods-LPCTest-frameworks.sh\"\n";
			showEnvVarsInLog = 0;
		};
/* End PBXShellScriptBuildPhase section */

/* Begin PBXSourcesBuildPhase section */
		B0AB625B1F38688A00CBFBF6 /* Sources */ = {
			isa = PBXSourcesBuildPhase;
			buildActionMask = 2147483647;
			files = (
				B0AB62791F386DB200CBFBF6 /* Pot.swift in Sources */,
				20CAE9D11F3B30F1006CB70F /* Colors.swift in Sources */,
				B0AB62651F38688A00CBFBF6 /* ViewController.swift in Sources */,
				20CAE9D91F3B41D3006CB70F /* PotCell.swift in Sources */,
				20CAE9CD1F3B3000006CB70F /* Strings.swift in Sources */,
				B0AB62811F389B5600CBFBF6 /* ImageLoader.swift in Sources */,
				20CAE9D61F3B37DB006CB70F /* HomeViewController.swift in Sources */,
				B0AB62631F38688A00CBFBF6 /* AppDelegate.swift in Sources */,
				B0AB62831F38B02200CBFBF6 /* ApiClient.swift in Sources */,
				20CAE9C51F3B2EB3006CB70F /* Storyboards.swift in Sources */,
			);
			runOnlyForDeploymentPostprocessing = 0;
		};
/* End PBXSourcesBuildPhase section */

/* Begin PBXVariantGroup section */
		20CAE9C81F3B2F29006CB70F /* Localizable.strings */ = {
			isa = PBXVariantGroup;
			children = (
				20CAE9CA1F3B2F5B006CB70F /* fr */,
				20CAE9CB1F3B2F9D006CB70F /* en */,
			);
			name = Localizable.strings;
			sourceTree = "<group>";
		};
		B0AB62661F38688A00CBFBF6 /* Main.storyboard */ = {
			isa = PBXVariantGroup;
			children = (
				B0AB62671F38688A00CBFBF6 /* Base */,
			);
			name = Main.storyboard;
			sourceTree = "<group>";
		};
		B0AB626B1F38688A00CBFBF6 /* LaunchScreen.storyboard */ = {
			isa = PBXVariantGroup;
			children = (
				B0AB626C1F38688A00CBFBF6 /* Base */,
			);
			name = LaunchScreen.storyboard;
			sourceTree = "<group>";
		};
/* End PBXVariantGroup section */

/* Begin XCBuildConfiguration section */
		B0AB626F1F38688A00CBFBF6 /* Debug */ = {
			isa = XCBuildConfiguration;
			buildSettings = {
				ALWAYS_SEARCH_USER_PATHS = NO;
				CLANG_ANALYZER_LOCALIZABILITY_NONLOCALIZED = YES;
				CLANG_ANALYZER_NONNULL = YES;
				CLANG_ANALYZER_NUMBER_OBJECT_CONVERSION = YES_AGGRESSIVE;
				CLANG_CXX_LANGUAGE_STANDARD = "gnu++0x";
				CLANG_CXX_LIBRARY = "libc++";
				CLANG_ENABLE_MODULES = YES;
				CLANG_ENABLE_OBJC_ARC = YES;
				CLANG_WARN_BOOL_CONVERSION = YES;
				CLANG_WARN_CONSTANT_CONVERSION = YES;
				CLANG_WARN_DIRECT_OBJC_ISA_USAGE = YES_ERROR;
				CLANG_WARN_DOCUMENTATION_COMMENTS = YES;
				CLANG_WARN_EMPTY_BODY = YES;
				CLANG_WARN_ENUM_CONVERSION = YES;
				CLANG_WARN_INFINITE_RECURSION = YES;
				CLANG_WARN_INT_CONVERSION = YES;
				CLANG_WARN_OBJC_ROOT_CLASS = YES_ERROR;
				CLANG_WARN_SUSPICIOUS_MOVE = YES;
				CLANG_WARN_UNREACHABLE_CODE = YES;
				CLANG_WARN__DUPLICATE_METHOD_MATCH = YES;
				"CODE_SIGN_IDENTITY[sdk=iphoneos*]" = "iPhone Developer";
				COPY_PHASE_STRIP = NO;
				DEBUG_INFORMATION_FORMAT = dwarf;
				ENABLE_STRICT_OBJC_MSGSEND = YES;
				ENABLE_TESTABILITY = YES;
				GCC_C_LANGUAGE_STANDARD = gnu99;
				GCC_DYNAMIC_NO_PIC = NO;
				GCC_NO_COMMON_BLOCKS = YES;
				GCC_OPTIMIZATION_LEVEL = 0;
				GCC_PREPROCESSOR_DEFINITIONS = (
					"DEBUG=1",
					"$(inherited)",
				);
				GCC_WARN_64_TO_32_BIT_CONVERSION = YES;
				GCC_WARN_ABOUT_RETURN_TYPE = YES_ERROR;
				GCC_WARN_UNDECLARED_SELECTOR = YES;
				GCC_WARN_UNINITIALIZED_AUTOS = YES_AGGRESSIVE;
				GCC_WARN_UNUSED_FUNCTION = YES;
				GCC_WARN_UNUSED_VARIABLE = YES;
				IPHONEOS_DEPLOYMENT_TARGET = 9.0;
				MTL_ENABLE_DEBUG_INFO = YES;
				ONLY_ACTIVE_ARCH = YES;
				SDKROOT = iphoneos;
				SWIFT_ACTIVE_COMPILATION_CONDITIONS = DEBUG;
				SWIFT_OPTIMIZATION_LEVEL = "-Onone";
			};
			name = Debug;
		};
		B0AB62701F38688A00CBFBF6 /* Release */ = {
			isa = XCBuildConfiguration;
			buildSettings = {
				ALWAYS_SEARCH_USER_PATHS = NO;
				CLANG_ANALYZER_LOCALIZABILITY_NONLOCALIZED = YES;
				CLANG_ANALYZER_NONNULL = YES;
				CLANG_ANALYZER_NUMBER_OBJECT_CONVERSION = YES_AGGRESSIVE;
				CLANG_CXX_LANGUAGE_STANDARD = "gnu++0x";
				CLANG_CXX_LIBRARY = "libc++";
				CLANG_ENABLE_MODULES = YES;
				CLANG_ENABLE_OBJC_ARC = YES;
				CLANG_WARN_BOOL_CONVERSION = YES;
				CLANG_WARN_CONSTANT_CONVERSION = YES;
				CLANG_WARN_DIRECT_OBJC_ISA_USAGE = YES_ERROR;
				CLANG_WARN_DOCUMENTATION_COMMENTS = YES;
				CLANG_WARN_EMPTY_BODY = YES;
				CLANG_WARN_ENUM_CONVERSION = YES;
				CLANG_WARN_INFINITE_RECURSION = YES;
				CLANG_WARN_INT_CONVERSION = YES;
				CLANG_WARN_OBJC_ROOT_CLASS = YES_ERROR;
				CLANG_WARN_SUSPICIOUS_MOVE = YES;
				CLANG_WARN_UNREACHABLE_CODE = YES;
				CLANG_WARN__DUPLICATE_METHOD_MATCH = YES;
				"CODE_SIGN_IDENTITY[sdk=iphoneos*]" = "iPhone Developer";
				COPY_PHASE_STRIP = NO;
				DEBUG_INFORMATION_FORMAT = "dwarf-with-dsym";
				ENABLE_NS_ASSERTIONS = NO;
				ENABLE_STRICT_OBJC_MSGSEND = YES;
				GCC_C_LANGUAGE_STANDARD = gnu99;
				GCC_NO_COMMON_BLOCKS = YES;
				GCC_WARN_64_TO_32_BIT_CONVERSION = YES;
				GCC_WARN_ABOUT_RETURN_TYPE = YES_ERROR;
				GCC_WARN_UNDECLARED_SELECTOR = YES;
				GCC_WARN_UNINITIALIZED_AUTOS = YES_AGGRESSIVE;
				GCC_WARN_UNUSED_FUNCTION = YES;
				GCC_WARN_UNUSED_VARIABLE = YES;
				IPHONEOS_DEPLOYMENT_TARGET = 9.0;
				MTL_ENABLE_DEBUG_INFO = NO;
				SDKROOT = iphoneos;
				SWIFT_OPTIMIZATION_LEVEL = "-Owholemodule";
				VALIDATE_PRODUCT = YES;
			};
			name = Release;
		};
		B0AB62721F38688A00CBFBF6 /* Debug */ = {
			isa = XCBuildConfiguration;
			baseConfigurationReference = 8DFE0DEFA8056DF7FD2E2D53 /* Pods-LPCTest.debug.xcconfig */;
			buildSettings = {
				ASSETCATALOG_COMPILER_APPICON_NAME = AppIcon;
				INFOPLIST_FILE = LPCTest/Info.plist;
				LD_RUNPATH_SEARCH_PATHS = "$(inherited) @executable_path/Frameworks";
				PRODUCT_BUNDLE_IDENTIFIER = fr.lepotcommun.LPCTest;
				PRODUCT_NAME = "$(TARGET_NAME)";
				SWIFT_VERSION = 3.0;
			};
			name = Debug;
		};
		B0AB62731F38688A00CBFBF6 /* Release */ = {
			isa = XCBuildConfiguration;
			baseConfigurationReference = FCEC8AB57FF998C70C126F34 /* Pods-LPCTest.release.xcconfig */;
			buildSettings = {
				ASSETCATALOG_COMPILER_APPICON_NAME = AppIcon;
				INFOPLIST_FILE = LPCTest/Info.plist;
				LD_RUNPATH_SEARCH_PATHS = "$(inherited) @executable_path/Frameworks";
				PRODUCT_BUNDLE_IDENTIFIER = fr.lepotcommun.LPCTest;
				PRODUCT_NAME = "$(TARGET_NAME)";
				SWIFT_VERSION = 3.0;
			};
			name = Release;
		};
/* End XCBuildConfiguration section */

/* Begin XCConfigurationList section */
		B0AB625A1F38688A00CBFBF6 /* Build configuration list for PBXProject "LPCTest" */ = {
			isa = XCConfigurationList;
			buildConfigurations = (
				B0AB626F1F38688A00CBFBF6 /* Debug */,
				B0AB62701F38688A00CBFBF6 /* Release */,
			);
			defaultConfigurationIsVisible = 0;
			defaultConfigurationName = Release;
		};
		B0AB62711F38688A00CBFBF6 /* Build configuration list for PBXNativeTarget "LPCTest" */ = {
			isa = XCConfigurationList;
			buildConfigurations = (
				B0AB62721F38688A00CBFBF6 /* Debug */,
				B0AB62731F38688A00CBFBF6 /* Release */,
			);
			defaultConfigurationIsVisible = 0;
			defaultConfigurationName = Release;
		};
/* End XCConfigurationList section */
	};
	rootObject = B0AB62571F38688A00CBFBF6 /* Project object */;
}
